// !$*UTF8*$!
{
	archiveVersion = 1;
	classes = {
	};
	objectVersion = 56;
	objects = {

/* Begin PBXBuildFile section */
		A7159AE92BBED912005D3426 /* AnimationsRiveApp.swift in Sources */ = {isa = PBXBuildFile; fileRef = A7159AE82BBED912005D3426 /* AnimationsRiveApp.swift */; };
		A7159AEB2BBED912005D3426 /* ContentView.swift in Sources */ = {isa = PBXBuildFile; fileRef = A7159AEA2BBED912005D3426 /* ContentView.swift */; };
		A7159AED2BBED915005D3426 /* Assets.xcassets in Resources */ = {isa = PBXBuildFile; fileRef = A7159AEC2BBED915005D3426 /* Assets.xcassets */; };
		A7159AF02BBED915005D3426 /* Preview Assets.xcassets in Resources */ = {isa = PBXBuildFile; fileRef = A7159AEF2BBED915005D3426 /* Preview Assets.xcassets */; };
		A7159AFA2BBED915005D3426 /* AnimationsRiveTests.swift in Sources */ = {isa = PBXBuildFile; fileRef = A7159AF92BBED915005D3426 /* AnimationsRiveTests.swift */; };
		A7159B042BBED915005D3426 /* AnimationsRiveUITests.swift in Sources */ = {isa = PBXBuildFile; fileRef = A7159B032BBED915005D3426 /* AnimationsRiveUITests.swift */; };
		A7159B062BBED915005D3426 /* AnimationsRiveUITestsLaunchTests.swift in Sources */ = {isa = PBXBuildFile; fileRef = A7159B052BBED915005D3426 /* AnimationsRiveUITestsLaunchTests.swift */; };
/* End PBXBuildFile section */

/* Begin PBXContainerItemProxy section */
		A7159AF62BBED915005D3426 /* PBXContainerItemProxy */ = {
			isa = PBXContainerItemProxy;
			containerPortal = A7159ADD2BBED912005D3426 /* Project object */;
			proxyType = 1;
			remoteGlobalIDString = A7159AE42BBED912005D3426;
			remoteInfo = AnimationsRive;
		};
		A7159B002BBED915005D3426 /* PBXContainerItemProxy */ = {
			isa = PBXContainerItemProxy;
			containerPortal = A7159ADD2BBED912005D3426 /* Project object */;
			proxyType = 1;
			remoteGlobalIDString = A7159AE42BBED912005D3426;
			remoteInfo = AnimationsRive;
		};
/* End PBXContainerItemProxy section */

/* Begin PBXFileReference section */
		A7159AE52BBED912005D3426 /* AnimationsRive.app */ = {isa = PBXFileReference; explicitFileType = wrapper.application; includeInIndex = 0; path = AnimationsRive.app; sourceTree = BUILT_PRODUCTS_DIR; };
		A7159AE82BBED912005D3426 /* AnimationsRiveApp.swift */ = {isa = PBXFileReference; lastKnownFileType = sourcecode.swift; path = AnimationsRiveApp.swift; sourceTree = "<group>"; };
		A7159AEA2BBED912005D3426 /* ContentView.swift */ = {isa = PBXFileReference; lastKnownFileType = sourcecode.swift; path = ContentView.swift; sourceTree = "<group>"; };
		A7159AEC2BBED915005D3426 /* Assets.xcassets */ = {isa = PBXFileReference; lastKnownFileType = folder.assetcatalog; path = Assets.xcassets; sourceTree = "<group>"; };
		A7159AEF2BBED915005D3426 /* Preview Assets.xcassets */ = {isa = PBXFileReference; lastKnownFileType = folder.assetcatalog; path = "Preview Assets.xcassets"; sourceTree = "<group>"; };
		A7159AF52BBED915005D3426 /* AnimationsRiveTests.xctest */ = {isa = PBXFileReference; explicitFileType = wrapper.cfbundle; includeInIndex = 0; path = AnimationsRiveTests.xctest; sourceTree = BUILT_PRODUCTS_DIR; };
		A7159AF92BBED915005D3426 /* AnimationsRiveTests.swift */ = {isa = PBXFileReference; lastKnownFileType = sourcecode.swift; path = AnimationsRiveTests.swift; sourceTree = "<group>"; };
		A7159AFF2BBED915005D3426 /* AnimationsRiveUITests.xctest */ = {isa = PBXFileReference; explicitFileType = wrapper.cfbundle; includeInIndex = 0; path = AnimationsRiveUITests.xctest; sourceTree = BUILT_PRODUCTS_DIR; };
		A7159B032BBED915005D3426 /* AnimationsRiveUITests.swift */ = {isa = PBXFileReference; lastKnownFileType = sourcecode.swift; path = AnimationsRiveUITests.swift; sourceTree = "<group>"; };
		A7159B052BBED915005D3426 /* AnimationsRiveUITestsLaunchTests.swift */ = {isa = PBXFileReference; lastKnownFileType = sourcecode.swift; path = AnimationsRiveUITestsLaunchTests.swift; sourceTree = "<group>"; };
/* End PBXFileReference section */

/* Begin PBXFrameworksBuildPhase section */
		A7159AE22BBED912005D3426 /* Frameworks */ = {
			isa = PBXFrameworksBuildPhase;
			buildActionMask = 2147483647;
			files = (
			);
			runOnlyForDeploymentPostprocessing = 0;
		};
		A7159AF22BBED915005D3426 /* Frameworks */ = {
			isa = PBXFrameworksBuildPhase;
			buildActionMask = 2147483647;
			files = (
			);
			runOnlyForDeploymentPostprocessing = 0;
		};
		A7159AFC2BBED915005D3426 /* Frameworks */ = {
			isa = PBXFrameworksBuildPhase;
			buildActionMask = 2147483647;
			files = (
			);
			runOnlyForDeploymentPostprocessing = 0;
		};
/* End PBXFrameworksBuildPhase section */

/* Begin PBXGroup section */
		A7159ADC2BBED912005D3426 = {
			isa = PBXGroup;
			children = (
				A7159AE72BBED912005D3426 /* AnimationsRive */,
				A7159AF82BBED915005D3426 /* AnimationsRiveTests */,
				A7159B022BBED915005D3426 /* AnimationsRiveUITests */,
				A7159AE62BBED912005D3426 /* Products */,
			);
			sourceTree = "<group>";
		};
		A7159AE62BBED912005D3426 /* Products */ = {
			isa = PBXGroup;
			children = (
				A7159AE52BBED912005D3426 /* AnimationsRive.app */,
				A7159AF52BBED915005D3426 /* AnimationsRiveTests.xctest */,
				A7159AFF2BBED915005D3426 /* AnimationsRiveUITests.xctest */,
			);
			name = Products;
			sourceTree = "<group>";
		};
		A7159AE72BBED912005D3426 /* AnimationsRive */ = {
			isa = PBXGroup;
			children = (
				A7159AE82BBED912005D3426 /* AnimationsRiveApp.swift */,
				A7159AEA2BBED912005D3426 /* ContentView.swift */,
				A7159AEC2BBED915005D3426 /* Assets.xcassets */,
				A7159AEE2BBED915005D3426 /* Preview Content */,
			);
			path = AnimationsRive;
			sourceTree = "<group>";
		};
		A7159AEE2BBED915005D3426 /* Preview Content */ = {
			isa = PBXGroup;
			children = (
				A7159AEF2BBED915005D3426 /* Preview Assets.xcassets */,
			);
			path = "Preview Content";
			sourceTree = "<group>";
		};
		A7159AF82BBED915005D3426 /* AnimationsRiveTests */ = {
			isa = PBXGroup;
			children = (
				A7159AF92BBED915005D3426 /* AnimationsRiveTests.swift */,
			);
			path = AnimationsRiveTests;
			sourceTree = "<group>";
		};
		A7159B022BBED915005D3426 /* AnimationsRiveUITests */ = {
			isa = PBXGroup;
			children = (
				A7159B032BBED915005D3426 /* AnimationsRiveUITests.swift */,
				A7159B052BBED915005D3426 /* AnimationsRiveUITestsLaunchTests.swift */,
			);
			path = AnimationsRiveUITests;
			sourceTree = "<group>";
		};
/* End PBXGroup section */

/* Begin PBXNativeTarget section */
		A7159AE42BBED912005D3426 /* AnimationsRive */ = {
			isa = PBXNativeTarget;
			buildConfigurationList = A7159B092BBED915005D3426 /* Build configuration list for PBXNativeTarget "AnimationsRive" */;
			buildPhases = (
				A7159AE12BBED912005D3426 /* Sources */,
				A7159AE22BBED912005D3426 /* Frameworks */,
				A7159AE32BBED912005D3426 /* Resources */,
			);
			buildRules = (
			);
			dependencies = (
			);
			name = AnimationsRive;
			productName = AnimationsRive;
			productReference = A7159AE52BBED912005D3426 /* AnimationsRive.app */;
			productType = "com.apple.product-type.application";
		};
		A7159AF42BBED915005D3426 /* AnimationsRiveTests */ = {
			isa = PBXNativeTarget;
			buildConfigurationList = A7159B0C2BBED915005D3426 /* Build configuration list for PBXNativeTarget "AnimationsRiveTests" */;
			buildPhases = (
				A7159AF12BBED915005D3426 /* Sources */,
				A7159AF22BBED915005D3426 /* Frameworks */,
				A7159AF32BBED915005D3426 /* Resources */,
			);
			buildRules = (
			);
			dependencies = (
				A7159AF72BBED915005D3426 /* PBXTargetDependency */,
			);
			name = AnimationsRiveTests;
			productName = AnimationsRiveTests;
			productReference = A7159AF52BBED915005D3426 /* AnimationsRiveTests.xctest */;
			productType = "com.apple.product-type.bundle.unit-test";
		};
		A7159AFE2BBED915005D3426 /* AnimationsRiveUITests */ = {
			isa = PBXNativeTarget;
			buildConfigurationList = A7159B0F2BBED915005D3426 /* Build configuration list for PBXNativeTarget "AnimationsRiveUITests" */;
			buildPhases = (
				A7159AFB2BBED915005D3426 /* Sources */,
				A7159AFC2BBED915005D3426 /* Frameworks */,
				A7159AFD2BBED915005D3426 /* Resources */,
			);
			buildRules = (
			);
			dependencies = (
				A7159B012BBED915005D3426 /* PBXTargetDependency */,
			);
			name = AnimationsRiveUITests;
			productName = AnimationsRiveUITests;
			productReference = A7159AFF2BBED915005D3426 /* AnimationsRiveUITests.xctest */;
			productType = "com.apple.product-type.bundle.ui-testing";
		};
/* End PBXNativeTarget section */

/* Begin PBXProject section */
		A7159ADD2BBED912005D3426 /* Project object */ = {
			isa = PBXProject;
			attributes = {
				BuildIndependentTargetsInParallel = 1;
				LastSwiftUpdateCheck = 1530;
				LastUpgradeCheck = 1530;
				TargetAttributes = {
					A7159AE42BBED912005D3426 = {
						CreatedOnToolsVersion = 15.3;
					};
					A7159AF42BBED915005D3426 = {
						CreatedOnToolsVersion = 15.3;
						TestTargetID = A7159AE42BBED912005D3426;
					};
					A7159AFE2BBED915005D3426 = {
						CreatedOnToolsVersion = 15.3;
						TestTargetID = A7159AE42BBED912005D3426;
					};
				};
			};
			buildConfigurationList = A7159AE02BBED912005D3426 /* Build configuration list for PBXProject "AnimationsRive" */;
			compatibilityVersion = "Xcode 14.0";
			developmentRegion = en;
			hasScannedForEncodings = 0;
			knownRegions = (
				en,
				Base,
			);
			mainGroup = A7159ADC2BBED912005D3426;
			productRefGroup = A7159AE62BBED912005D3426 /* Products */;
			projectDirPath = "";
			projectRoot = "";
			targets = (
				A7159AE42BBED912005D3426 /* AnimationsRive */,
				A7159AF42BBED915005D3426 /* AnimationsRiveTests */,
				A7159AFE2BBED915005D3426 /* AnimationsRiveUITests */,
			);
		};
/* End PBXProject section */

/* Begin PBXResourcesBuildPhase section */
		A7159AE32BBED912005D3426 /* Resources */ = {
			isa = PBXResourcesBuildPhase;
			buildActionMask = 2147483647;
			files = (
				A7159AF02BBED915005D3426 /* Preview Assets.xcassets in Resources */,
				A7159AED2BBED915005D3426 /* Assets.xcassets in Resources */,
			);
			runOnlyForDeploymentPostprocessing = 0;
		};
		A7159AF32BBED915005D3426 /* Resources */ = {
			isa = PBXResourcesBuildPhase;
			buildActionMask = 2147483647;
			files = (
			);
			runOnlyForDeploymentPostprocessing = 0;
		};
		A7159AFD2BBED915005D3426 /* Resources */ = {
			isa = PBXResourcesBuildPhase;
			buildActionMask = 2147483647;
			files = (
			);
			runOnlyForDeploymentPostprocessing = 0;
		};
/* End PBXResourcesBuildPhase section */

/* Begin PBXSourcesBuildPhase section */
		A7159AE12BBED912005D3426 /* Sources */ = {
			isa = PBXSourcesBuildPhase;
			buildActionMask = 2147483647;
			files = (
				A7159AEB2BBED912005D3426 /* ContentView.swift in Sources */,
				A7159AE92BBED912005D3426 /* AnimationsRiveApp.swift in Sources */,
			);
			runOnlyForDeploymentPostprocessing = 0;
		};
		A7159AF12BBED915005D3426 /* Sources */ = {
			isa = PBXSourcesBuildPhase;
			buildActionMask = 2147483647;
			files = (
				A7159AFA2BBED915005D3426 /* AnimationsRiveTests.swift in Sources */,
			);
			runOnlyForDeploymentPostprocessing = 0;
		};
		A7159AFB2BBED915005D3426 /* Sources */ = {
			isa = PBXSourcesBuildPhase;
			buildActionMask = 2147483647;
			files = (
				A7159B042BBED915005D3426 /* AnimationsRiveUITests.swift in Sources */,
				A7159B062BBED915005D3426 /* AnimationsRiveUITestsLaunchTests.swift in Sources */,
			);
			runOnlyForDeploymentPostprocessing = 0;
		};
/* End PBXSourcesBuildPhase section */

/* Begin PBXTargetDependency section */
		A7159AF72BBED915005D3426 /* PBXTargetDependency */ = {
			isa = PBXTargetDependency;
			target = A7159AE42BBED912005D3426 /* AnimationsRive */;
			targetProxy = A7159AF62BBED915005D3426 /* PBXContainerItemProxy */;
		};
		A7159B012BBED915005D3426 /* PBXTargetDependency */ = {
			isa = PBXTargetDependency;
			target = A7159AE42BBED912005D3426 /* AnimationsRive */;
			targetProxy = A7159B002BBED915005D3426 /* PBXContainerItemProxy */;
		};
/* End PBXTargetDependency section */

/* Begin XCBuildConfiguration section */
		A7159B072BBED915005D3426 /* Debug */ = {
			isa = XCBuildConfiguration;
			buildSettings = {
				ALWAYS_SEARCH_USER_PATHS = NO;
				ASSETCATALOG_COMPILER_GENERATE_SWIFT_ASSET_SYMBOL_EXTENSIONS = YES;
				CLANG_ANALYZER_NONNULL = YES;
				CLANG_ANALYZER_NUMBER_OBJECT_CONVERSION = YES_AGGRESSIVE;
				CLANG_CXX_LANGUAGE_STANDARD = "gnu++20";
				CLANG_ENABLE_MODULES = YES;
				CLANG_ENABLE_OBJC_ARC = YES;
				CLANG_ENABLE_OBJC_WEAK = YES;
				CLANG_WARN_BLOCK_CAPTURE_AUTORELEASING = YES;
				CLANG_WARN_BOOL_CONVERSION = YES;
				CLANG_WARN_COMMA = YES;
				CLANG_WARN_CONSTANT_CONVERSION = YES;
				CLANG_WARN_DEPRECATED_OBJC_IMPLEMENTATIONS = YES;
				CLANG_WARN_DIRECT_OBJC_ISA_USAGE = YES_ERROR;
				CLANG_WARN_DOCUMENTATION_COMMENTS = YES;
				CLANG_WARN_EMPTY_BODY = YES;
				CLANG_WARN_ENUM_CONVERSION = YES;
				CLANG_WARN_INFINITE_RECURSION = YES;
				CLANG_WARN_INT_CONVERSION = YES;
				CLANG_WARN_NON_LITERAL_NULL_CONVERSION = YES;
				CLANG_WARN_OBJC_IMPLICIT_RETAIN_SELF = YES;
				CLANG_WARN_OBJC_LITERAL_CONVERSION = YES;
				CLANG_WARN_OBJC_ROOT_CLASS = YES_ERROR;
				CLANG_WARN_QUOTED_INCLUDE_IN_FRAMEWORK_HEADER = YES;
				CLANG_WARN_RANGE_LOOP_ANALYSIS = YES;
				CLANG_WARN_STRICT_PROTOTYPES = YES;
				CLANG_WARN_SUSPICIOUS_MOVE = YES;
				CLANG_WARN_UNGUARDED_AVAILABILITY = YES_AGGRESSIVE;
				CLANG_WARN_UNREACHABLE_CODE = YES;
				CLANG_WARN__DUPLICATE_METHOD_MATCH = YES;
				COPY_PHASE_STRIP = NO;
				DEBUG_INFORMATION_FORMAT = dwarf;
				ENABLE_STRICT_OBJC_MSGSEND = YES;
				ENABLE_TESTABILITY = YES;
				ENABLE_USER_SCRIPT_SANDBOXING = YES;
				GCC_C_LANGUAGE_STANDARD = gnu17;
				GCC_DYNAMIC_NO_PIC = NO;
				GCC_NO_COMMON_BLOCKS = YES;
				GCC_OPTIMIZATION_LEVEL = 0;
				GCC_PREPROCESSOR_DEFINITIONS = (
					"DEBUG=1",
					"$(inherited)",
				);
				GCC_WARN_64_TO_32_BIT_CONVERSION = YES;
				GCC_WARN_ABOUT_RETURN_TYPE = YES_ERROR;
				GCC_WARN_UNDECLARED_SELECTOR = YES;
				GCC_WARN_UNINITIALIZED_AUTOS = YES_AGGRESSIVE;
				GCC_WARN_UNUSED_FUNCTION = YES;
				GCC_WARN_UNUSED_VARIABLE = YES;
				IPHONEOS_DEPLOYMENT_TARGET = 17.4;
				LOCALIZATION_PREFERS_STRING_CATALOGS = YES;
				MTL_ENABLE_DEBUG_INFO = INCLUDE_SOURCE;
				MTL_FAST_MATH = YES;
				ONLY_ACTIVE_ARCH = YES;
				SDKROOT = iphoneos;
				SWIFT_ACTIVE_COMPILATION_CONDITIONS = "DEBUG $(inherited)";
				SWIFT_OPTIMIZATION_LEVEL = "-Onone";
			};
			name = Debug;
		};
		A7159B082BBED915005D3426 /* Release */ = {
			isa = XCBuildConfiguration;
			buildSettings = {
				ALWAYS_SEARCH_USER_PATHS = NO;
				ASSETCATALOG_COMPILER_GENERATE_SWIFT_ASSET_SYMBOL_EXTENSIONS = YES;
				CLANG_ANALYZER_NONNULL = YES;
				CLANG_ANALYZER_NUMBER_OBJECT_CONVERSION = YES_AGGRESSIVE;
				CLANG_CXX_LANGUAGE_STANDARD = "gnu++20";
				CLANG_ENABLE_MODULES = YES;
				CLANG_ENABLE_OBJC_ARC = YES;
				CLANG_ENABLE_OBJC_WEAK = YES;
				CLANG_WARN_BLOCK_CAPTURE_AUTORELEASING = YES;
				CLANG_WARN_BOOL_CONVERSION = YES;
				CLANG_WARN_COMMA = YES;
				CLANG_WARN_CONSTANT_CONVERSION = YES;
				CLANG_WARN_DEPRECATED_OBJC_IMPLEMENTATIONS = YES;
				CLANG_WARN_DIRECT_OBJC_ISA_USAGE = YES_ERROR;
				CLANG_WARN_DOCUMENTATION_COMMENTS = YES;
				CLANG_WARN_EMPTY_BODY = YES;
				CLANG_WARN_ENUM_CONVERSION = YES;
				CLANG_WARN_INFINITE_RECURSION = YES;
				CLANG_WARN_INT_CONVERSION = YES;
				CLANG_WARN_NON_LITERAL_NULL_CONVERSION = YES;
				CLANG_WARN_OBJC_IMPLICIT_RETAIN_SELF = YES;
				CLANG_WARN_OBJC_LITERAL_CONVERSION = YES;
				CLANG_WARN_OBJC_ROOT_CLASS = YES_ERROR;
				CLANG_WARN_QUOTED_INCLUDE_IN_FRAMEWORK_HEADER = YES;
				CLANG_WARN_RANGE_LOOP_ANALYSIS = YES;
				CLANG_WARN_STRICT_PROTOTYPES = YES;
				CLANG_WARN_SUSPICIOUS_MOVE = YES;
				CLANG_WARN_UNGUARDED_AVAILABILITY = YES_AGGRESSIVE;
				CLANG_WARN_UNREACHABLE_CODE = YES;
				CLANG_WARN__DUPLICATE_METHOD_MATCH = YES;
				COPY_PHASE_STRIP = NO;
				DEBUG_INFORMATION_FORMAT = "dwarf-with-dsym";
				ENABLE_NS_ASSERTIONS = NO;
				ENABLE_STRICT_OBJC_MSGSEND = YES;
				ENABLE_USER_SCRIPT_SANDBOXING = YES;
				GCC_C_LANGUAGE_STANDARD = gnu17;
				GCC_NO_COMMON_BLOCKS = YES;
				GCC_WARN_64_TO_32_BIT_CONVERSION = YES;
				GCC_WARN_ABOUT_RETURN_TYPE = YES_ERROR;
				GCC_WARN_UNDECLARED_SELECTOR = YES;
				GCC_WARN_UNINITIALIZED_AUTOS = YES_AGGRESSIVE;
				GCC_WARN_UNUSED_FUNCTION = YES;
				GCC_WARN_UNUSED_VARIABLE = YES;
				IPHONEOS_DEPLOYMENT_TARGET = 17.4;
				LOCALIZATION_PREFERS_STRING_CATALOGS = YES;
				MTL_ENABLE_DEBUG_INFO = NO;
				MTL_FAST_MATH = YES;
				SDKROOT = iphoneos;
				SWIFT_COMPILATION_MODE = wholemodule;
				VALIDATE_PRODUCT = YES;
			};
			name = Release;
		};
		A7159B0A2BBED915005D3426 /* Debug */ = {
			isa = XCBuildConfiguration;
			buildSettings = {
				ASSETCATALOG_COMPILER_APPICON_NAME = AppIcon;
				ASSETCATALOG_COMPILER_GLOBAL_ACCENT_COLOR_NAME = AccentColor;
				CODE_SIGN_STYLE = Automatic;
				CURRENT_PROJECT_VERSION = 1;
				DEVELOPMENT_ASSET_PATHS = "\"AnimationsRive/Preview Content\"";
				DEVELOPMENT_TEAM = F3Y5649G7F;
				ENABLE_PREVIEWS = YES;
				GENERATE_INFOPLIST_FILE = YES;
				INFOPLIST_KEY_UIApplicationSceneManifest_Generation = YES;
				INFOPLIST_KEY_UIApplicationSupportsIndirectInputEvents = YES;
				INFOPLIST_KEY_UILaunchScreen_Generation = YES;
				INFOPLIST_KEY_UISupportedInterfaceOrientations_iPad = "UIInterfaceOrientationPortrait UIInterfaceOrientationPortraitUpsideDown UIInterfaceOrientationLandscapeLeft UIInterfaceOrientationLandscapeRight";
				INFOPLIST_KEY_UISupportedInterfaceOrientations_iPhone = "UIInterfaceOrientationPortrait UIInterfaceOrientationLandscapeLeft UIInterfaceOrientationLandscapeRight";
				LD_RUNPATH_SEARCH_PATHS = (
					"$(inherited)",
					"@executable_path/Frameworks",
				);
				MARKETING_VERSION = 1.0;
				PRODUCT_BUNDLE_IDENTIFIER = ios.silvia.AnimationsRive;
				PRODUCT_NAME = "$(TARGET_NAME)";
				SWIFT_EMIT_LOC_STRINGS = YES;
				SWIFT_VERSION = 5.0;
				TARGETED_DEVICE_FAMILY = "1,2";
			};
			name = Debug;
		};
		A7159B0B2BBED915005D3426 /* Release */ = {
			isa = XCBuildConfiguration;
			buildSettings = {
				ASSETCATALOG_COMPILER_APPICON_NAME = AppIcon;
				ASSETCATALOG_COMPILER_GLOBAL_ACCENT_COLOR_NAME = AccentColor;
				CODE_SIGN_STYLE = Automatic;
				CURRENT_PROJECT_VERSION = 1;
				DEVELOPMENT_ASSET_PATHS = "\"AnimationsRive/Preview Content\"";
				DEVELOPMENT_TEAM = F3Y5649G7F;
				ENABLE_PREVIEWS = YES;
				GENERATE_INFOPLIST_FILE = YES;
				INFOPLIST_KEY_UIApplicationSceneManifest_Generation = YES;
				INFOPLIST_KEY_UIApplicationSupportsIndirectInputEvents = YES;
				INFOPLIST_KEY_UILaunchScreen_Generation = YES;
				INFOPLIST_KEY_UISupportedInterfaceOrientations_iPad = "UIInterfaceOrientationPortrait UIInterfaceOrientationPortraitUpsideDown UIInterfaceOrientationLandscapeLeft UIInterfaceOrientationLandscapeRight";
				INFOPLIST_KEY_UISupportedInterfaceOrientations_iPhone = "UIInterfaceOrientationPortrait UIInterfaceOrientationLandscapeLeft UIInterfaceOrientationLandscapeRight";
				LD_RUNPATH_SEARCH_PATHS = (
					"$(inherited)",
					"@executable_path/Frameworks",
				);
				MARKETING_VERSION = 1.0;
				PRODUCT_BUNDLE_IDENTIFIER = ios.silvia.AnimationsRive;
				PRODUCT_NAME = "$(TARGET_NAME)";
				SWIFT_EMIT_LOC_STRINGS = YES;
				SWIFT_VERSION = 5.0;
				TARGETED_DEVICE_FAMILY = "1,2";
			};
			name = Release;
		};
		A7159B0D2BBED915005D3426 /* Debug */ = {
			isa = XCBuildConfiguration;
			buildSettings = {
				ALWAYS_EMBED_SWIFT_STANDARD_LIBRARIES = YES;
				BUNDLE_LOADER = "$(TEST_HOST)";
				CODE_SIGN_STYLE = Automatic;
				CURRENT_PROJECT_VERSION = 1;
				DEVELOPMENT_TEAM = F3Y5649G7F;
				GENERATE_INFOPLIST_FILE = YES;
				IPHONEOS_DEPLOYMENT_TARGET = 17.4;
				MARKETING_VERSION = 1.0;
				PRODUCT_BUNDLE_IDENTIFIER = ios.silvia.AnimationsRiveTests;
				PRODUCT_NAME = "$(TARGET_NAME)";
				SWIFT_EMIT_LOC_STRINGS = NO;
				SWIFT_VERSION = 5.0;
				TARGETED_DEVICE_FAMILY = "1,2";
				TEST_HOST = "$(BUILT_PRODUCTS_DIR)/AnimationsRive.app/$(BUNDLE_EXECUTABLE_FOLDER_PATH)/AnimationsRive";
			};
			name = Debug;
		};
		A7159B0E2BBED915005D3426 /* Release */ = {
			isa = XCBuildConfiguration;
			buildSettings = {
				ALWAYS_EMBED_SWIFT_STANDARD_LIBRARIES = YES;
				BUNDLE_LOADER = "$(TEST_HOST)";
				CODE_SIGN_STYLE = Automatic;
				CURRENT_PROJECT_VERSION = 1;
				DEVELOPMENT_TEAM = F3Y5649G7F;
				GENERATE_INFOPLIST_FILE = YES;
				IPHONEOS_DEPLOYMENT_TARGET = 17.4;
				MARKETING_VERSION = 1.0;
				PRODUCT_BUNDLE_IDENTIFIER = ios.silvia.AnimationsRiveTests;
				PRODUCT_NAME = "$(TARGET_NAME)";
				SWIFT_EMIT_LOC_STRINGS = NO;
				SWIFT_VERSION = 5.0;
				TARGETED_DEVICE_FAMILY = "1,2";
				TEST_HOST = "$(BUILT_PRODUCTS_DIR)/AnimationsRive.app/$(BUNDLE_EXECUTABLE_FOLDER_PATH)/AnimationsRive";
			};
			name = Release;
		};
		A7159B102BBED915005D3426 /* Debug */ = {
			isa = XCBuildConfiguration;
			buildSettings = {
				ALWAYS_EMBED_SWIFT_STANDARD_LIBRARIES = YES;
				CODE_SIGN_STYLE = Automatic;
				CURRENT_PROJECT_VERSION = 1;
				DEVELOPMENT_TEAM = F3Y5649G7F;
				GENERATE_INFOPLIST_FILE = YES;
				MARKETING_VERSION = 1.0;
				PRODUCT_BUNDLE_IDENTIFIER = ios.silvia.AnimationsRiveUITests;
				PRODUCT_NAME = "$(TARGET_NAME)";
				SWIFT_EMIT_LOC_STRINGS = NO;
				SWIFT_VERSION = 5.0;
				TARGETED_DEVICE_FAMILY = "1,2";
				TEST_TARGET_NAME = AnimationsRive;
			};
			name = Debug;
		};
		A7159B112BBED915005D3426 /* Release */ = {
			isa = XCBuildConfiguration;
			buildSettings = {
				ALWAYS_EMBED_SWIFT_STANDARD_LIBRARIES = YES;
				CODE_SIGN_STYLE = Automatic;
				CURRENT_PROJECT_VERSION = 1;
				DEVELOPMENT_TEAM = F3Y5649G7F;
				GENERATE_INFOPLIST_FILE = YES;
				MARKETING_VERSION = 1.0;
				PRODUCT_BUNDLE_IDENTIFIER = ios.silvia.AnimationsRiveUITests;
				PRODUCT_NAME = "$(TARGET_NAME)";
				SWIFT_EMIT_LOC_STRINGS = NO;
				SWIFT_VERSION = 5.0;
				TARGETED_DEVICE_FAMILY = "1,2";
				TEST_TARGET_NAME = AnimationsRive;
			};
			name = Release;
		};
/* End XCBuildConfiguration section */

/* Begin XCConfigurationList section */
		A7159AE02BBED912005D3426 /* Build configuration list for PBXProject "AnimationsRive" */ = {
			isa = XCConfigurationList;
			buildConfigurations = (
				A7159B072BBED915005D3426 /* Debug */,
				A7159B082BBED915005D3426 /* Release */,
			);
			defaultConfigurationIsVisible = 0;
			defaultConfigurationName = Release;
		};
		A7159B092BBED915005D3426 /* Build configuration list for PBXNativeTarget "AnimationsRive" */ = {
			isa = XCConfigurationList;
			buildConfigurations = (
				A7159B0A2BBED915005D3426 /* Debug */,
				A7159B0B2BBED915005D3426 /* Release */,
			);
			defaultConfigurationIsVisible = 0;
			defaultConfigurationName = Release;
		};
		A7159B0C2BBED915005D3426 /* Build configuration list for PBXNativeTarget "AnimationsRiveTests" */ = {
			isa = XCConfigurationList;
			buildConfigurations = (
				A7159B0D2BBED915005D3426 /* Debug */,
				A7159B0E2BBED915005D3426 /* Release */,
			);
			defaultConfigurationIsVisible = 0;
			defaultConfigurationName = Release;
		};
		A7159B0F2BBED915005D3426 /* Build configuration list for PBXNativeTarget "AnimationsRiveUITests" */ = {
			isa = XCConfigurationList;
			buildConfigurations = (
				A7159B102BBED915005D3426 /* Debug */,
				A7159B112BBED915005D3426 /* Release */,
			);
			defaultConfigurationIsVisible = 0;
			defaultConfigurationName = Release;
		};
/* End XCConfigurationList section */
	};
	rootObject = A7159ADD2BBED912005D3426 /* Project object */;
}
